{
  "nodes": {
    "flake-compat": {
      "flake": false,
      "locked": {
        "lastModified": 1761588595,
        "narHash": "sha256-XKUZz9zewJNUj46b4AJdiRZJAvSZ0Dqj2BNfXvFlJC4=",
        "owner": "edolstra",
        "repo": "flake-compat",
        "rev": "f387cd2afec9419c8ee37694406ca490c3f34ee5",
        "type": "github"
      },
      "original": {
        "owner": "edolstra",
        "repo": "flake-compat",
        "type": "github"
      }
    },
    "flake-parts": {
      "inputs": {
        "nixpkgs-lib": "nixpkgs-lib"
      },
      "locked": {
        "lastModified": 1763759067,
        "narHash": "sha256-LlLt2Jo/gMNYAwOgdRQBrsRoOz7BPRkzvNaI/fzXi2Q=",
        "owner": "hercules-ci",
        "repo": "flake-parts",
        "rev": "2cccadc7357c0ba201788ae99c4dfa90728ef5e0",
        "type": "github"
      },
      "original": {
        "owner": "hercules-ci",
        "repo": "flake-parts",
        "type": "github"
      }
    },
    "git-hooks": {
      "inputs": {
        "flake-compat": "flake-compat",
        "gitignore": "gitignore",
        "nixpkgs": [
          "nixpkgs"
        ]
      },
      "locked": {
        "lastModified": 1765016596,
        "narHash": "sha256-rhSqPNxDVow7OQKi4qS5H8Au0P4S3AYbawBSmJNUtBQ=",
        "owner": "cachix",
        "repo": "git-hooks.nix",
        "rev": "548fc44fca28a5e81c5d6b846e555e6b9c2a5a3c",
        "type": "github"
      },
      "original": {
        "owner": "cachix",
        "repo": "git-hooks.nix",
        "type": "github"
      }
    },
    "gitignore": {
      "inputs": {
        "nixpkgs": [
          "git-hooks",
          "nixpkgs"
        ]
      },
      "locked": {
        "lastModified": 1709087332,
        "narHash": "sha256-HG2cCnktfHsKV0s4XW83gU3F57gaTljL9KNSuG6bnQs=",
        "owner": "hercules-ci",
        "repo": "gitignore.nix",
        "rev": "637db329424fd7e46cf4185293b9cc8c88c95394",
        "type": "github"
      },
      "original": {
        "owner": "hercules-ci",
        "repo": "gitignore.nix",
        "type": "github"
      }
    },
    "nixpkgs": {
      "locked": {
        "lastModified": 1764947035,
        "narHash": "sha256-EYHSjVM4Ox4lvCXUMiKKs2vETUSL5mx+J2FfutM7T9w=",
        "owner": "NixOS",
        "repo": "nixpkgs",
        "rev": "a672be65651c80d3f592a89b3945466584a22069",
        "type": "github"
      },
      "original": {
        "owner": "NixOS",
        "ref": "nixpkgs-unstable",
        "repo": "nixpkgs",
        "type": "github"
      }
    },
    "nixpkgs-jdtls": {
      "locked": {
        "lastModified": 1759826507,
        "narHash": "sha256-vwXL9H5zDHEQA0oFpww2one0/hkwnPAjc47LRph6d0I=",
        "owner": "nixos",
        "repo": "nixpkgs",
        "rev": "bce5fe2bb998488d8e7e7856315f90496723793c",
        "type": "github"
      },
      "original": {
        "owner": "nixos",
        "repo": "nixpkgs",
        "rev": "bce5fe2bb998488d8e7e7856315f90496723793c",
        "type": "github"
      }
    },
    "nixpkgs-lib": {
      "locked": {
        "lastModified": 1761765539,
        "narHash": "sha256-b0yj6kfvO8ApcSE+QmA6mUfu8IYG6/uU28OFn4PaC8M=",
        "owner": "nix-community",
        "repo": "nixpkgs.lib",
        "rev": "719359f4562934ae99f5443f20aa06c2ffff91fc",
        "type": "github"
      },
      "original": {
        "owner": "nix-community",
        "repo": "nixpkgs.lib",
        "type": "github"
      }
    },
    "nixvim": {
      "inputs": {
        "flake-parts": [
          "flake-parts"
        ],
        "nixpkgs": "nixpkgs",
        "systems": "systems"
      },
      "locked": {
        "lastModified": 1765196590,
        "narHash": "sha256-DJuH2toKIEhqrAntJig2mlEH1Q5A5HN22JUCUtT+Y00=",
        "owner": "nix-community",
        "repo": "nixvim",
        "rev": "6ab2b305da7c48a697535c1e72f9294cb342cfac",
        "type": "github"
      },
      "original": {
        "owner": "nix-community",
        "repo": "nixvim",
        "type": "github"
      }
    },
    "root": {
      "inputs": {
        "flake-parts": "flake-parts",
        "git-hooks": "git-hooks",
        "nixpkgs": [
          "nixvim",
          "nixpkgs"
        ],
        "nixpkgs-jdtls": "nixpkgs-jdtls",
        "nixvim": "nixvim"
      }
    },
    "systems": {
      "locked": {
        "lastModified": 1681028828,
        "narHash": "sha256-Vy1rq5AaRuLzOxct8nz4T6wlgyUR7zLU309k9mBC768=",
        "owner": "nix-systems",
        "repo": "default",
        "rev": "da67096a3b9bf56a91d16901293e51ba5b49a27e",
        "type": "github"
      },
      "original": {
        "owner": "nix-systems",
        "repo": "default",
        "type": "github"
      }
    }
  },
  "root": "root",
  "version": 7
}
